// !$*UTF8*$!
{
	archiveVersion = 1;
	classes = {
	};
	objectVersion = 46;
	objects = {

/* Begin PBXBuildFile section */
		A42E1AFB155B5C7000043EA7 /* UIKit.framework in Frameworks */ = {isa = PBXBuildFile; fileRef = A42E1AFA155B5C7000043EA7 /* UIKit.framework */; };
		A42E1AFD155B5C7000043EA7 /* Foundation.framework in Frameworks */ = {isa = PBXBuildFile; fileRef = A42E1AFC155B5C7000043EA7 /* Foundation.framework */; };
		A42E1AFF155B5C7000043EA7 /* CoreGraphics.framework in Frameworks */ = {isa = PBXBuildFile; fileRef = A42E1AFE155B5C7000043EA7 /* CoreGraphics.framework */; };
		A42E1B05155B5C7000043EA7 /* InfoPlist.strings in Resources */ = {isa = PBXBuildFile; fileRef = A42E1B03155B5C7000043EA7 /* InfoPlist.strings */; };
		A42E1B07155B5C7000043EA7 /* main.m in Sources */ = {isa = PBXBuildFile; fileRef = A42E1B06155B5C7000043EA7 /* main.m */; };
		A42E1B0B155B5C7000043EA7 /* JJAppDelegate.m in Sources */ = {isa = PBXBuildFile; fileRef = A42E1B0A155B5C7000043EA7 /* JJAppDelegate.m */; };
		A42E1B19155B5E6900043EA7 /* QuartzCore.framework in Frameworks */ = {isa = PBXBuildFile; fileRef = A42E1B18155B5E6900043EA7 /* QuartzCore.framework */; };
		A42E1B1B155B5E7200043EA7 /* SystemConfiguration.framework in Frameworks */ = {isa = PBXBuildFile; fileRef = A42E1B1A155B5E7200043EA7 /* SystemConfiguration.framework */; };
		A42E1B1F155B5ED200043EA7 /* JJBadMovie.m in Sources */ = {isa = PBXBuildFile; fileRef = A42E1B1E155B5ED200043EA7 /* JJBadMovie.m */; };
		A42E1B37155B5FA800043EA7 /* AFHTTPClient.m in Sources */ = {isa = PBXBuildFile; fileRef = A42E1B23155B5FA800043EA7 /* AFHTTPClient.m */; settings = {COMPILER_FLAGS = "-fno-objc-arc"; }; };
		A42E1B38155B5FA800043EA7 /* AFHTTPRequestOperation.m in Sources */ = {isa = PBXBuildFile; fileRef = A42E1B25155B5FA800043EA7 /* AFHTTPRequestOperation.m */; settings = {COMPILER_FLAGS = "-fno-objc-arc"; }; };
		A42E1B39155B5FA800043EA7 /* AFImageRequestOperation.m in Sources */ = {isa = PBXBuildFile; fileRef = A42E1B27155B5FA800043EA7 /* AFImageRequestOperation.m */; settings = {COMPILER_FLAGS = "-fno-objc-arc"; }; };
		A42E1B3A155B5FA800043EA7 /* AFJSONRequestOperation.m in Sources */ = {isa = PBXBuildFile; fileRef = A42E1B29155B5FA800043EA7 /* AFJSONRequestOperation.m */; settings = {COMPILER_FLAGS = "-fno-objc-arc"; }; };
		A42E1B3B155B5FA800043EA7 /* AFJSONUtilities.m in Sources */ = {isa = PBXBuildFile; fileRef = A42E1B2B155B5FA800043EA7 /* AFJSONUtilities.m */; settings = {COMPILER_FLAGS = "-fno-objc-arc"; }; };
		A42E1B3C155B5FA800043EA7 /* AFNetworkActivityIndicatorManager.m in Sources */ = {isa = PBXBuildFile; fileRef = A42E1B2D155B5FA800043EA7 /* AFNetworkActivityIndicatorManager.m */; settings = {COMPILER_FLAGS = "-fno-objc-arc"; }; };
		A42E1B3D155B5FA800043EA7 /* AFPropertyListRequestOperation.m in Sources */ = {isa = PBXBuildFile; fileRef = A42E1B30155B5FA800043EA7 /* AFPropertyListRequestOperation.m */; settings = {COMPILER_FLAGS = "-fno-objc-arc"; }; };
		A42E1B3E155B5FA800043EA7 /* AFURLConnectionOperation.m in Sources */ = {isa = PBXBuildFile; fileRef = A42E1B32155B5FA800043EA7 /* AFURLConnectionOperation.m */; settings = {COMPILER_FLAGS = "-fno-objc-arc"; }; };
		A42E1B3F155B5FA800043EA7 /* AFXMLRequestOperation.m in Sources */ = {isa = PBXBuildFile; fileRef = A42E1B34155B5FA800043EA7 /* AFXMLRequestOperation.m */; settings = {COMPILER_FLAGS = "-fno-objc-arc"; }; };
		A42E1B40155B5FA800043EA7 /* UIImageView+AFNetworking.m in Sources */ = {isa = PBXBuildFile; fileRef = A42E1B36155B5FA800043EA7 /* UIImageView+AFNetworking.m */; settings = {COMPILER_FLAGS = "-fno-objc-arc"; }; };
		A42E1B43155B603400043EA7 /* JJBadMovieEpisodesViewController.m in Sources */ = {isa = PBXBuildFile; fileRef = A42E1B42155B603400043EA7 /* JJBadMovieEpisodesViewController.m */; };
		A42E1B46155B607C00043EA7 /* JJBadMovieEnvironment.m in Sources */ = {isa = PBXBuildFile; fileRef = A42E1B45155B607C00043EA7 /* JJBadMovieEnvironment.m */; };
		A42E1B4A155B621500043EA7 /* JSONKit.m in Sources */ = {isa = PBXBuildFile; fileRef = A42E1B49155B621500043EA7 /* JSONKit.m */; settings = {COMPILER_FLAGS = "-fno-objc-arc"; }; };
		A42E1B4D155B647600043EA7 /* JJBadMovieViewController.m in Sources */ = {isa = PBXBuildFile; fileRef = A42E1B4C155B647600043EA7 /* JJBadMovieViewController.m */; };
		A42E1B52155B680000043EA7 /* placeholder@2x.png in Resources */ = {isa = PBXBuildFile; fileRef = A42E1B51155B680000043EA7 /* placeholder@2x.png */; };
		A42E1B54155B6AFA00043EA7 /* MediaPlayer.framework in Frameworks */ = {isa = PBXBuildFile; fileRef = A42E1B53155B6AFA00043EA7 /* MediaPlayer.framework */; };
/* End PBXBuildFile section */

/* Begin PBXFileReference section */
		A42E1AF6155B5C7000043EA7 /* BadMoviePodcastApp.app */ = {isa = PBXFileReference; explicitFileType = wrapper.application; includeInIndex = 0; path = BadMoviePodcastApp.app; sourceTree = BUILT_PRODUCTS_DIR; };
		A42E1AFA155B5C7000043EA7 /* UIKit.framework */ = {isa = PBXFileReference; lastKnownFileType = wrapper.framework; name = UIKit.framework; path = System/Library/Frameworks/UIKit.framework; sourceTree = SDKROOT; };
		A42E1AFC155B5C7000043EA7 /* Foundation.framework */ = {isa = PBXFileReference; lastKnownFileType = wrapper.framework; name = Foundation.framework; path = System/Library/Frameworks/Foundation.framework; sourceTree = SDKROOT; };
		A42E1AFE155B5C7000043EA7 /* CoreGraphics.framework */ = {isa = PBXFileReference; lastKnownFileType = wrapper.framework; name = CoreGraphics.framework; path = System/Library/Frameworks/CoreGraphics.framework; sourceTree = SDKROOT; };
		A42E1B02155B5C7000043EA7 /* BadMoviePodcastApp-Info.plist */ = {isa = PBXFileReference; lastKnownFileType = text.plist.xml; path = "BadMoviePodcastApp-Info.plist"; sourceTree = "<group>"; };
		A42E1B04155B5C7000043EA7 /* en */ = {isa = PBXFileReference; lastKnownFileType = text.plist.strings; name = en; path = en.lproj/InfoPlist.strings; sourceTree = "<group>"; };
		A42E1B06155B5C7000043EA7 /* main.m */ = {isa = PBXFileReference; lastKnownFileType = sourcecode.c.objc; path = main.m; sourceTree = "<group>"; };
		A42E1B08155B5C7000043EA7 /* BadMoviePodcastApp-Prefix.pch */ = {isa = PBXFileReference; lastKnownFileType = sourcecode.c.h; path = "BadMoviePodcastApp-Prefix.pch"; sourceTree = "<group>"; };
		A42E1B09155B5C7000043EA7 /* JJAppDelegate.h */ = {isa = PBXFileReference; lastKnownFileType = sourcecode.c.h; path = JJAppDelegate.h; sourceTree = "<group>"; };
		A42E1B0A155B5C7000043EA7 /* JJAppDelegate.m */ = {isa = PBXFileReference; lastKnownFileType = sourcecode.c.objc; path = JJAppDelegate.m; sourceTree = "<group>"; };
		A42E1B18155B5E6900043EA7 /* QuartzCore.framework */ = {isa = PBXFileReference; lastKnownFileType = wrapper.framework; name = QuartzCore.framework; path = System/Library/Frameworks/QuartzCore.framework; sourceTree = SDKROOT; };
		A42E1B1A155B5E7200043EA7 /* SystemConfiguration.framework */ = {isa = PBXFileReference; lastKnownFileType = wrapper.framework; name = SystemConfiguration.framework; path = System/Library/Frameworks/SystemConfiguration.framework; sourceTree = SDKROOT; };
		A42E1B1D155B5ED200043EA7 /* JJBadMovie.h */ = {isa = PBXFileReference; fileEncoding = 4; lastKnownFileType = sourcecode.c.h; path = JJBadMovie.h; sourceTree = "<group>"; };
		A42E1B1E155B5ED200043EA7 /* JJBadMovie.m */ = {isa = PBXFileReference; fileEncoding = 4; lastKnownFileType = sourcecode.c.objc; path = JJBadMovie.m; sourceTree = "<group>"; };
		A42E1B22155B5FA800043EA7 /* AFHTTPClient.h */ = {isa = PBXFileReference; fileEncoding = 4; lastKnownFileType = sourcecode.c.h; name = AFHTTPClient.h; path = AFNetworking/AFNetworking/AFHTTPClient.h; sourceTree = "<group>"; };
		A42E1B23155B5FA800043EA7 /* AFHTTPClient.m */ = {isa = PBXFileReference; fileEncoding = 4; lastKnownFileType = sourcecode.c.objc; name = AFHTTPClient.m; path = AFNetworking/AFNetworking/AFHTTPClient.m; sourceTree = "<group>"; };
		A42E1B24155B5FA800043EA7 /* AFHTTPRequestOperation.h */ = {isa = PBXFileReference; fileEncoding = 4; lastKnownFileType = sourcecode.c.h; name = AFHTTPRequestOperation.h; path = AFNetworking/AFNetworking/AFHTTPRequestOperation.h; sourceTree = "<group>"; };
		A42E1B25155B5FA800043EA7 /* AFHTTPRequestOperation.m */ = {isa = PBXFileReference; fileEncoding = 4; lastKnownFileType = sourcecode.c.objc; name = AFHTTPRequestOperation.m; path = AFNetworking/AFNetworking/AFHTTPRequestOperation.m; sourceTree = "<group>"; };
		A42E1B26155B5FA800043EA7 /* AFImageRequestOperation.h */ = {isa = PBXFileReference; fileEncoding = 4; lastKnownFileType = sourcecode.c.h; name = AFImageRequestOperation.h; path = AFNetworking/AFNetworking/AFImageRequestOperation.h; sourceTree = "<group>"; };
		A42E1B27155B5FA800043EA7 /* AFImageRequestOperation.m */ = {isa = PBXFileReference; fileEncoding = 4; lastKnownFileType = sourcecode.c.objc; name = AFImageRequestOperation.m; path = AFNetworking/AFNetworking/AFImageRequestOperation.m; sourceTree = "<group>"; };
		A42E1B28155B5FA800043EA7 /* AFJSONRequestOperation.h */ = {isa = PBXFileReference; fileEncoding = 4; lastKnownFileType = sourcecode.c.h; name = AFJSONRequestOperation.h; path = AFNetworking/AFNetworking/AFJSONRequestOperation.h; sourceTree = "<group>"; };
		A42E1B29155B5FA800043EA7 /* AFJSONRequestOperation.m */ = {isa = PBXFileReference; fileEncoding = 4; lastKnownFileType = sourcecode.c.objc; name = AFJSONRequestOperation.m; path = AFNetworking/AFNetworking/AFJSONRequestOperation.m; sourceTree = "<group>"; };
		A42E1B2A155B5FA800043EA7 /* AFJSONUtilities.h */ = {isa = PBXFileReference; fileEncoding = 4; lastKnownFileType = sourcecode.c.h; name = AFJSONUtilities.h; path = AFNetworking/AFNetworking/AFJSONUtilities.h; sourceTree = "<group>"; };
		A42E1B2B155B5FA800043EA7 /* AFJSONUtilities.m */ = {isa = PBXFileReference; fileEncoding = 4; lastKnownFileType = sourcecode.c.objc; name = AFJSONUtilities.m; path = AFNetworking/AFNetworking/AFJSONUtilities.m; sourceTree = "<group>"; };
		A42E1B2C155B5FA800043EA7 /* AFNetworkActivityIndicatorManager.h */ = {isa = PBXFileReference; fileEncoding = 4; lastKnownFileType = sourcecode.c.h; name = AFNetworkActivityIndicatorManager.h; path = AFNetworking/AFNetworking/AFNetworkActivityIndicatorManager.h; sourceTree = "<group>"; };
		A42E1B2D155B5FA800043EA7 /* AFNetworkActivityIndicatorManager.m */ = {isa = PBXFileReference; fileEncoding = 4; lastKnownFileType = sourcecode.c.objc; name = AFNetworkActivityIndicatorManager.m; path = AFNetworking/AFNetworking/AFNetworkActivityIndicatorManager.m; sourceTree = "<group>"; };
		A42E1B2E155B5FA800043EA7 /* AFNetworking.h */ = {isa = PBXFileReference; fileEncoding = 4; lastKnownFileType = sourcecode.c.h; name = AFNetworking.h; path = AFNetworking/AFNetworking/AFNetworking.h; sourceTree = "<group>"; };
		A42E1B2F155B5FA800043EA7 /* AFPropertyListRequestOperation.h */ = {isa = PBXFileReference; fileEncoding = 4; lastKnownFileType = sourcecode.c.h; name = AFPropertyListRequestOperation.h; path = AFNetworking/AFNetworking/AFPropertyListRequestOperation.h; sourceTree = "<group>"; };
		A42E1B30155B5FA800043EA7 /* AFPropertyListRequestOperation.m */ = {isa = PBXFileReference; fileEncoding = 4; lastKnownFileType = sourcecode.c.objc; name = AFPropertyListRequestOperation.m; path = AFNetworking/AFNetworking/AFPropertyListRequestOperation.m; sourceTree = "<group>"; };
		A42E1B31155B5FA800043EA7 /* AFURLConnectionOperation.h */ = {isa = PBXFileReference; fileEncoding = 4; lastKnownFileType = sourcecode.c.h; name = AFURLConnectionOperation.h; path = AFNetworking/AFNetworking/AFURLConnectionOperation.h; sourceTree = "<group>"; };
		A42E1B32155B5FA800043EA7 /* AFURLConnectionOperation.m */ = {isa = PBXFileReference; fileEncoding = 4; lastKnownFileType = sourcecode.c.objc; name = AFURLConnectionOperation.m; path = AFNetworking/AFNetworking/AFURLConnectionOperation.m; sourceTree = "<group>"; };
		A42E1B33155B5FA800043EA7 /* AFXMLRequestOperation.h */ = {isa = PBXFileReference; fileEncoding = 4; lastKnownFileType = sourcecode.c.h; name = AFXMLRequestOperation.h; path = AFNetworking/AFNetworking/AFXMLRequestOperation.h; sourceTree = "<group>"; };
		A42E1B34155B5FA800043EA7 /* AFXMLRequestOperation.m */ = {isa = PBXFileReference; fileEncoding = 4; lastKnownFileType = sourcecode.c.objc; name = AFXMLRequestOperation.m; path = AFNetworking/AFNetworking/AFXMLRequestOperation.m; sourceTree = "<group>"; };
		A42E1B35155B5FA800043EA7 /* UIImageView+AFNetworking.h */ = {isa = PBXFileReference; fileEncoding = 4; lastKnownFileType = sourcecode.c.h; name = "UIImageView+AFNetworking.h"; path = "AFNetworking/AFNetworking/UIImageView+AFNetworking.h"; sourceTree = "<group>"; };
		A42E1B36155B5FA800043EA7 /* UIImageView+AFNetworking.m */ = {isa = PBXFileReference; fileEncoding = 4; lastKnownFileType = sourcecode.c.objc; name = "UIImageView+AFNetworking.m"; path = "AFNetworking/AFNetworking/UIImageView+AFNetworking.m"; sourceTree = "<group>"; };
		A42E1B41155B603400043EA7 /* JJBadMovieEpisodesViewController.h */ = {isa = PBXFileReference; fileEncoding = 4; lastKnownFileType = sourcecode.c.h; path = JJBadMovieEpisodesViewController.h; sourceTree = "<group>"; };
		A42E1B42155B603400043EA7 /* JJBadMovieEpisodesViewController.m */ = {isa = PBXFileReference; fileEncoding = 4; lastKnownFileType = sourcecode.c.objc; path = JJBadMovieEpisodesViewController.m; sourceTree = "<group>"; };
		A42E1B44155B607C00043EA7 /* JJBadMovieEnvironment.h */ = {isa = PBXFileReference; fileEncoding = 4; lastKnownFileType = sourcecode.c.h; path = JJBadMovieEnvironment.h; sourceTree = "<group>"; };
		A42E1B45155B607C00043EA7 /* JJBadMovieEnvironment.m */ = {isa = PBXFileReference; fileEncoding = 4; lastKnownFileType = sourcecode.c.objc; path = JJBadMovieEnvironment.m; sourceTree = "<group>"; };
		A42E1B48155B621500043EA7 /* JSONKit.h */ = {isa = PBXFileReference; fileEncoding = 4; lastKnownFileType = sourcecode.c.h; name = JSONKit.h; path = JSONKit/JSONKit.h; sourceTree = "<group>"; };
		A42E1B49155B621500043EA7 /* JSONKit.m */ = {isa = PBXFileReference; fileEncoding = 4; lastKnownFileType = sourcecode.c.objc; name = JSONKit.m; path = JSONKit/JSONKit.m; sourceTree = "<group>"; };
		A42E1B4B155B647600043EA7 /* JJBadMovieViewController.h */ = {isa = PBXFileReference; fileEncoding = 4; lastKnownFileType = sourcecode.c.h; path = JJBadMovieViewController.h; sourceTree = "<group>"; };
		A42E1B4C155B647600043EA7 /* JJBadMovieViewController.m */ = {isa = PBXFileReference; fileEncoding = 4; lastKnownFileType = sourcecode.c.objc; path = JJBadMovieViewController.m; sourceTree = "<group>"; };
		A42E1B51155B680000043EA7 /* placeholder@2x.png */ = {isa = PBXFileReference; lastKnownFileType = image.png; path = "placeholder@2x.png"; sourceTree = "<group>"; };
		A42E1B53155B6AFA00043EA7 /* MediaPlayer.framework */ = {isa = PBXFileReference; lastKnownFileType = wrapper.framework; name = MediaPlayer.framework; path = System/Library/Frameworks/MediaPlayer.framework; sourceTree = SDKROOT; };
/* End PBXFileReference section */

/* Begin PBXFrameworksBuildPhase section */
		A42E1AF3155B5C7000043EA7 /* Frameworks */ = {
			isa = PBXFrameworksBuildPhase;
			buildActionMask = 2147483647;
			files = (
				A42E1B54155B6AFA00043EA7 /* MediaPlayer.framework in Frameworks */,
				A42E1B1B155B5E7200043EA7 /* SystemConfiguration.framework in Frameworks */,
				A42E1B19155B5E6900043EA7 /* QuartzCore.framework in Frameworks */,
				A42E1AFB155B5C7000043EA7 /* UIKit.framework in Frameworks */,
				A42E1AFD155B5C7000043EA7 /* Foundation.framework in Frameworks */,
				A42E1AFF155B5C7000043EA7 /* CoreGraphics.framework in Frameworks */,
			);
			runOnlyForDeploymentPostprocessing = 0;
		};
/* End PBXFrameworksBuildPhase section */

/* Begin PBXGroup section */
		A42E1AEB155B5C7000043EA7 = {
			isa = PBXGroup;
			children = (
				A42E1B20155B5F6600043EA7 /* Libraries */,
				A42E1B00155B5C7000043EA7 /* BadMoviePodcastApp */,
				A42E1AF9155B5C7000043EA7 /* Frameworks */,
				A42E1AF7155B5C7000043EA7 /* Products */,
			);
			sourceTree = "<group>";
		};
		A42E1AF7155B5C7000043EA7 /* Products */ = {
			isa = PBXGroup;
			children = (
				A42E1AF6155B5C7000043EA7 /* BadMoviePodcastApp.app */,
			);
			name = Products;
			sourceTree = "<group>";
		};
		A42E1AF9155B5C7000043EA7 /* Frameworks */ = {
			isa = PBXGroup;
			children = (
				A42E1B53155B6AFA00043EA7 /* MediaPlayer.framework */,
				A42E1B1A155B5E7200043EA7 /* SystemConfiguration.framework */,
				A42E1B18155B5E6900043EA7 /* QuartzCore.framework */,
				A42E1AFA155B5C7000043EA7 /* UIKit.framework */,
				A42E1AFC155B5C7000043EA7 /* Foundation.framework */,
				A42E1AFE155B5C7000043EA7 /* CoreGraphics.framework */,
			);
			name = Frameworks;
			sourceTree = "<group>";
		};
		A42E1B00155B5C7000043EA7 /* BadMoviePodcastApp */ = {
			isa = PBXGroup;
			children = (
				A42E1B16155B5D6700043EA7 /* Application */,
				A42E1B1C155B5E8700043EA7 /* Model */,
				A42E1B17155B5D7A00043EA7 /* Controller */,
			);
			path = BadMoviePodcastApp;
			sourceTree = "<group>";
		};
		A42E1B01155B5C7000043EA7 /* Supporting Files */ = {
			isa = PBXGroup;
			children = (
				A42E1B02155B5C7000043EA7 /* BadMoviePodcastApp-Info.plist */,
				A42E1B03155B5C7000043EA7 /* InfoPlist.strings */,
				A42E1B06155B5C7000043EA7 /* main.m */,
				A42E1B08155B5C7000043EA7 /* BadMoviePodcastApp-Prefix.pch */,
			);
			name = "Supporting Files";
			sourceTree = "<group>";
		};
		A42E1B16155B5D6700043EA7 /* Application */ = {
			isa = PBXGroup;
			children = (
				A42E1B4E155B67D000043EA7 /* Resources */,
				A42E1B09155B5C7000043EA7 /* JJAppDelegate.h */,
				A42E1B0A155B5C7000043EA7 /* JJAppDelegate.m */,
				A42E1B44155B607C00043EA7 /* JJBadMovieEnvironment.h */,
				A42E1B45155B607C00043EA7 /* JJBadMovieEnvironment.m */,
				A42E1B01155B5C7000043EA7 /* Supporting Files */,
			);
			name = Application;
			sourceTree = "<group>";
		};
		A42E1B17155B5D7A00043EA7 /* Controller */ = {
			isa = PBXGroup;
			children = (
				A42E1B41155B603400043EA7 /* JJBadMovieEpisodesViewController.h */,
				A42E1B42155B603400043EA7 /* JJBadMovieEpisodesViewController.m */,
				A42E1B4B155B647600043EA7 /* JJBadMovieViewController.h */,
				A42E1B4C155B647600043EA7 /* JJBadMovieViewController.m */,
			);
			path = Controller;
			sourceTree = "<group>";
		};
		A42E1B1C155B5E8700043EA7 /* Model */ = {
			isa = PBXGroup;
			children = (
				A42E1B1D155B5ED200043EA7 /* JJBadMovie.h */,
				A42E1B1E155B5ED200043EA7 /* JJBadMovie.m */,
			);
			path = Model;
			sourceTree = "<group>";
		};
		A42E1B20155B5F6600043EA7 /* Libraries */ = {
			isa = PBXGroup;
			children = (
				A42E1B47155B620700043EA7 /* JSONKit */,
				A42E1B21155B5F9400043EA7 /* AFNetworking */,
			);
			path = Libraries;
			sourceTree = "<group>";
		};
		A42E1B21155B5F9400043EA7 /* AFNetworking */ = {
			isa = PBXGroup;
			children = (
				A42E1B22155B5FA800043EA7 /* AFHTTPClient.h */,
				A42E1B23155B5FA800043EA7 /* AFHTTPClient.m */,
				A42E1B24155B5FA800043EA7 /* AFHTTPRequestOperation.h */,
				A42E1B25155B5FA800043EA7 /* AFHTTPRequestOperation.m */,
				A42E1B26155B5FA800043EA7 /* AFImageRequestOperation.h */,
				A42E1B27155B5FA800043EA7 /* AFImageRequestOperation.m */,
				A42E1B28155B5FA800043EA7 /* AFJSONRequestOperation.h */,
				A42E1B29155B5FA800043EA7 /* AFJSONRequestOperation.m */,
				A42E1B2A155B5FA800043EA7 /* AFJSONUtilities.h */,
				A42E1B2B155B5FA800043EA7 /* AFJSONUtilities.m */,
				A42E1B2C155B5FA800043EA7 /* AFNetworkActivityIndicatorManager.h */,
				A42E1B2D155B5FA800043EA7 /* AFNetworkActivityIndicatorManager.m */,
				A42E1B2E155B5FA800043EA7 /* AFNetworking.h */,
				A42E1B2F155B5FA800043EA7 /* AFPropertyListRequestOperation.h */,
				A42E1B30155B5FA800043EA7 /* AFPropertyListRequestOperation.m */,
				A42E1B31155B5FA800043EA7 /* AFURLConnectionOperation.h */,
				A42E1B32155B5FA800043EA7 /* AFURLConnectionOperation.m */,
				A42E1B33155B5FA800043EA7 /* AFXMLRequestOperation.h */,
				A42E1B34155B5FA800043EA7 /* AFXMLRequestOperation.m */,
				A42E1B35155B5FA800043EA7 /* UIImageView+AFNetworking.h */,
				A42E1B36155B5FA800043EA7 /* UIImageView+AFNetworking.m */,
			);
			name = AFNetworking;
			sourceTree = "<group>";
		};
		A42E1B47155B620700043EA7 /* JSONKit */ = {
			isa = PBXGroup;
			children = (
				A42E1B48155B621500043EA7 /* JSONKit.h */,
				A42E1B49155B621500043EA7 /* JSONKit.m */,
			);
			name = JSONKit;
			sourceTree = "<group>";
		};
		A42E1B4E155B67D000043EA7 /* Resources */ = {
			isa = PBXGroup;
			children = (
				A42E1B51155B680000043EA7 /* placeholder@2x.png */,
			);
			path = Resources;
			sourceTree = "<group>";
		};
/* End PBXGroup section */

/* Begin PBXNativeTarget section */
		A42E1AF5155B5C7000043EA7 /* BadMoviePodcastApp */ = {
			isa = PBXNativeTarget;
			buildConfigurationList = A42E1B0E155B5C7000043EA7 /* Build configuration list for PBXNativeTarget "BadMoviePodcastApp" */;
			buildPhases = (
				A42E1AF2155B5C7000043EA7 /* Sources */,
				A42E1AF3155B5C7000043EA7 /* Frameworks */,
				A42E1AF4155B5C7000043EA7 /* Resources */,
			);
			buildRules = (
			);
			dependencies = (
			);
			name = BadMoviePodcastApp;
			productName = BadMoviePodcastApp;
			productReference = A42E1AF6155B5C7000043EA7 /* BadMoviePodcastApp.app */;
			productType = "com.apple.product-type.application";
		};
/* End PBXNativeTarget section */

/* Begin PBXProject section */
		A42E1AED155B5C7000043EA7 /* Project object */ = {
			isa = PBXProject;
			attributes = {
				CLASSPREFIX = JJ;
				LastUpgradeCheck = 0430;
				ORGANIZATIONNAME = jnjosh.com;
			};
			buildConfigurationList = A42E1AF0155B5C7000043EA7 /* Build configuration list for PBXProject "BadMoviePodcastApp" */;
			compatibilityVersion = "Xcode 3.2";
			developmentRegion = English;
			hasScannedForEncodings = 0;
			knownRegions = (
				en,
			);
			mainGroup = A42E1AEB155B5C7000043EA7;
			productRefGroup = A42E1AF7155B5C7000043EA7 /* Products */;
			projectDirPath = "";
			projectRoot = "";
			targets = (
				A42E1AF5155B5C7000043EA7 /* BadMoviePodcastApp */,
			);
		};
/* End PBXProject section */

/* Begin PBXResourcesBuildPhase section */
		A42E1AF4155B5C7000043EA7 /* Resources */ = {
			isa = PBXResourcesBuildPhase;
			buildActionMask = 2147483647;
			files = (
				A42E1B05155B5C7000043EA7 /* InfoPlist.strings in Resources */,
				A42E1B52155B680000043EA7 /* placeholder@2x.png in Resources */,
			);
			runOnlyForDeploymentPostprocessing = 0;
		};
/* End PBXResourcesBuildPhase section */

/* Begin PBXSourcesBuildPhase section */
		A42E1AF2155B5C7000043EA7 /* Sources */ = {
			isa = PBXSourcesBuildPhase;
			buildActionMask = 2147483647;
			files = (
				A42E1B07155B5C7000043EA7 /* main.m in Sources */,
				A42E1B0B155B5C7000043EA7 /* JJAppDelegate.m in Sources */,
				A42E1B1F155B5ED200043EA7 /* JJBadMovie.m in Sources */,
				A42E1B37155B5FA800043EA7 /* AFHTTPClient.m in Sources */,
				A42E1B38155B5FA800043EA7 /* AFHTTPRequestOperation.m in Sources */,
				A42E1B39155B5FA800043EA7 /* AFImageRequestOperation.m in Sources */,
				A42E1B3A155B5FA800043EA7 /* AFJSONRequestOperation.m in Sources */,
				A42E1B3B155B5FA800043EA7 /* AFJSONUtilities.m in Sources */,
				A42E1B3C155B5FA800043EA7 /* AFNetworkActivityIndicatorManager.m in Sources */,
				A42E1B3D155B5FA800043EA7 /* AFPropertyListRequestOperation.m in Sources */,
				A42E1B3E155B5FA800043EA7 /* AFURLConnectionOperation.m in Sources */,
				A42E1B3F155B5FA800043EA7 /* AFXMLRequestOperation.m in Sources */,
				A42E1B40155B5FA800043EA7 /* UIImageView+AFNetworking.m in Sources */,
				A42E1B43155B603400043EA7 /* JJBadMovieEpisodesViewController.m in Sources */,
				A42E1B46155B607C00043EA7 /* JJBadMovieEnvironment.m in Sources */,
				A42E1B4A155B621500043EA7 /* JSONKit.m in Sources */,
				A42E1B4D155B647600043EA7 /* JJBadMovieViewController.m in Sources */,
			);
			runOnlyForDeploymentPostprocessing = 0;
		};
/* End PBXSourcesBuildPhase section */

/* Begin PBXVariantGroup section */
		A42E1B03155B5C7000043EA7 /* InfoPlist.strings */ = {
			isa = PBXVariantGroup;
			children = (
				A42E1B04155B5C7000043EA7 /* en */,
			);
			name = InfoPlist.strings;
			sourceTree = "<group>";
		};
/* End PBXVariantGroup section */

/* Begin XCBuildConfiguration section */
		A42E1B0C155B5C7000043EA7 /* Debug */ = {
			isa = XCBuildConfiguration;
			buildSettings = {
				ALWAYS_SEARCH_USER_PATHS = NO;
				ARCHS = "$(ARCHS_STANDARD_32_BIT)";
				CLANG_ENABLE_OBJC_ARC = YES;
				"CODE_SIGN_IDENTITY[sdk=iphoneos*]" = "iPhone Developer";
				COPY_PHASE_STRIP = NO;
				GCC_C_LANGUAGE_STANDARD = gnu99;
				GCC_DYNAMIC_NO_PIC = NO;
				GCC_OPTIMIZATION_LEVEL = 0;
				GCC_PREPROCESSOR_DEFINITIONS = (
					"DEBUG=1",
					"$(inherited)",
				);
				GCC_SYMBOLS_PRIVATE_EXTERN = NO;
				GCC_VERSION = com.apple.compilers.llvm.clang.1_0;
				GCC_WARN_ABOUT_RETURN_TYPE = YES;
				GCC_WARN_UNINITIALIZED_AUTOS = YES;
				GCC_WARN_UNUSED_VARIABLE = YES;
				IPHONEOS_DEPLOYMENT_TARGET = 5.1;
				SDKROOT = iphoneos;
			};
			name = Debug;
		};
		A42E1B0D155B5C7000043EA7 /* Release */ = {
			isa = XCBuildConfiguration;
			buildSettings = {
				ALWAYS_SEARCH_USER_PATHS = NO;
				ARCHS = "$(ARCHS_STANDARD_32_BIT)";
				CLANG_ENABLE_OBJC_ARC = YES;
				"CODE_SIGN_IDENTITY[sdk=iphoneos*]" = "iPhone Developer";
				COPY_PHASE_STRIP = YES;
				GCC_C_LANGUAGE_STANDARD = gnu99;
				GCC_VERSION = com.apple.compilers.llvm.clang.1_0;
				GCC_WARN_ABOUT_RETURN_TYPE = YES;
				GCC_WARN_UNINITIALIZED_AUTOS = YES;
				GCC_WARN_UNUSED_VARIABLE = YES;
				IPHONEOS_DEPLOYMENT_TARGET = 5.1;
				OTHER_CFLAGS = "-DNS_BLOCK_ASSERTIONS=1";
				SDKROOT = iphoneos;
				VALIDATE_PRODUCT = YES;
			};
			name = Release;
		};
		A42E1B0F155B5C7000043EA7 /* Debug */ = {
			isa = XCBuildConfiguration;
			buildSettings = {
				GCC_PRECOMPILE_PREFIX_HEADER = YES;
				GCC_PREFIX_HEADER = "BadMoviePodcastApp/BadMoviePodcastApp-Prefix.pch";
				INFOPLIST_FILE = "BadMoviePodcastApp/BadMoviePodcastApp-Info.plist";
				PRODUCT_NAME = "$(TARGET_NAME)";
				WRAPPER_EXTENSION = app;
			};
			name = Debug;
		};
		A42E1B10155B5C7000043EA7 /* Release */ = {
			isa = XCBuildConfiguration;
			buildSettings = {
				GCC_PRECOMPILE_PREFIX_HEADER = YES;
				GCC_PREFIX_HEADER = "BadMoviePodcastApp/BadMoviePodcastApp-Prefix.pch";
				INFOPLIST_FILE = "BadMoviePodcastApp/BadMoviePodcastApp-Info.plist";
				PRODUCT_NAME = "$(TARGET_NAME)";
				WRAPPER_EXTENSION = app;
			};
			name = Release;
		};
/* End XCBuildConfiguration section */

/* Begin XCConfigurationList section */
		A42E1AF0155B5C7000043EA7 /* Build configuration list for PBXProject "BadMoviePodcastApp" */ = {
			isa = XCConfigurationList;
			buildConfigurations = (
				A42E1B0C155B5C7000043EA7 /* Debug */,
				A42E1B0D155B5C7000043EA7 /* Release */,
			);
			defaultConfigurationIsVisible = 0;
			defaultConfigurationName = Release;
		};
		A42E1B0E155B5C7000043EA7 /* Build configuration list for PBXNativeTarget "BadMoviePodcastApp" */ = {
			isa = XCConfigurationList;
			buildConfigurations = (
				A42E1B0F155B5C7000043EA7 /* Debug */,
				A42E1B10155B5C7000043EA7 /* Release */,
			);
			defaultConfigurationIsVisible = 0;
			defaultConfigurationName = Release;
		};
/* End XCConfigurationList section */
	};
	rootObject = A42E1AED155B5C7000043EA7 /* Project object */;
}
